{
  "version": 4,
  "terraform_version": "1.11.2",
  "serial": 1,
  "lineage": "7ab3a64d-2c14-f286-da85-e61808fd2d66",
  "outputs": {},
  "resources": [
    {
      "mode": "managed",
      "type": "vercel_project",
      "name": "beautotester",
      "provider": "provider[\"registry.terraform.io/vercel/vercel\"]",
      "instances": [
        {
          "schema_version": 0,
          "attributes": {
            "build_command": null,
            "dev_command": null,
            "environment": null,
            "framework": null,
            "git_repository": null,
            "id": "prj_1WIy1aUnx4SLP9PKOwsTrPX125Ib",
            "ignore_command": null,
            "install_command": null,
            "name": "beautotester",
            "output_directory": null,
            "public_source": null,
            "root_directory": null,
            "serverless_function_region": "iad1",
            "team_id": null
          },
          "sensitive_attributes": []
        }
      ]
    }
  ],
  "check_results": null
}
